// !$*UTF8*$!
{
	archiveVersion = 1;
	classes = {
	};
	objectVersion = 46;
	objects = {

/* Begin PBXBuildFile section */
		A11AC3671C8531EE007DB38B /* EMOWebViewController.m in Sources */ = {isa = PBXBuildFile; fileRef = A11AC3651C8531EE007DB38B /* EMOWebViewController.m */; };
		A11AC3681C8531EE007DB38B /* EMOWebViewController.xib in Resources */ = {isa = PBXBuildFile; fileRef = A11AC3661C8531EE007DB38B /* EMOWebViewController.xib */; };
		A11AC36A1C854ED9007DB38B /* zarate.gif in Resources */ = {isa = PBXBuildFile; fileRef = A11AC3691C854ED9007DB38B /* zarate.gif */; };
		A11AC36C1C854EEA007DB38B /* comtesDeChampagne.jpg in Resources */ = {isa = PBXBuildFile; fileRef = A11AC36B1C854EEA007DB38B /* comtesDeChampagne.jpg */; };
		A12D28D51C838C110000D7C6 /* EMOWineModel.m in Sources */ = {isa = PBXBuildFile; fileRef = A12D28D41C838C110000D7C6 /* EMOWineModel.m */; };
		A12D28DA1C83C06C0000D7C6 /* EMOWineViewController.m in Sources */ = {isa = PBXBuildFile; fileRef = A12D28D81C83C06C0000D7C6 /* EMOWineViewController.m */; };
		A12D28DB1C83C06C0000D7C6 /* EMOWineViewController.xib in Resources */ = {isa = PBXBuildFile; fileRef = A12D28D91C83C06C0000D7C6 /* EMOWineViewController.xib */; };
		A12D28DE1C83F07E0000D7C6 /* splitView_score_glass@2x.png in Resources */ = {isa = PBXBuildFile; fileRef = A12D28DD1C83F07E0000D7C6 /* splitView_score_glass@2x.png */; };
		A12D28E11C83F1680000D7C6 /* bembibre.jpg in Resources */ = {isa = PBXBuildFile; fileRef = A12D28E01C83F1680000D7C6 /* bembibre.jpg */; };
		A165C6C01C86438100926326 /* EMOWineryModel.m in Sources */ = {isa = PBXBuildFile; fileRef = A165C6BF1C86438100926326 /* EMOWineryModel.m */; };
		A165C6C31C86550200926326 /* EMOWineryTableViewController.m in Sources */ = {isa = PBXBuildFile; fileRef = A165C6C21C86550200926326 /* EMOWineryTableViewController.m */; };
		A1D7D6F31C8FB38C0015C558 /* navBarBackgroundLandscape.png in Resources */ = {isa = PBXBuildFile; fileRef = A1D7D6EB1C8FB38C0015C558 /* navBarBackgroundLandscape.png */; };
		A1D7D6F41C8FB38C0015C558 /* navBarBackgroundLandscape@2x.png in Resources */ = {isa = PBXBuildFile; fileRef = A1D7D6EC1C8FB38C0015C558 /* navBarBackgroundLandscape@2x.png */; };
		A1D7D6F51C8FB38C0015C558 /* navBarBackgroundLandscapeiPad.png in Resources */ = {isa = PBXBuildFile; fileRef = A1D7D6ED1C8FB38C0015C558 /* navBarBackgroundLandscapeiPad.png */; };
		A1D7D6F61C8FB38C0015C558 /* navBarBackgroundLandscapeiPad@2x.png in Resources */ = {isa = PBXBuildFile; fileRef = A1D7D6EE1C8FB38C0015C558 /* navBarBackgroundLandscapeiPad@2x.png */; };
		A1D7D6F71C8FB38C0015C558 /* navBarBackgroundPortrait.png in Resources */ = {isa = PBXBuildFile; fileRef = A1D7D6EF1C8FB38C0015C558 /* navBarBackgroundPortrait.png */; };
		A1D7D6F81C8FB38C0015C558 /* navBarBackgroundPortrait@2x.png in Resources */ = {isa = PBXBuildFile; fileRef = A1D7D6F01C8FB38C0015C558 /* navBarBackgroundPortrait@2x.png */; };
		A1D7D6F91C8FB38C0015C558 /* navBarBackgroundPortraitiPad.png in Resources */ = {isa = PBXBuildFile; fileRef = A1D7D6F11C8FB38C0015C558 /* navBarBackgroundPortraitiPad.png */; };
		A1D7D6FA1C8FB38C0015C558 /* navBarBackgroundPortraitiPad@2x.png in Resources */ = {isa = PBXBuildFile; fileRef = A1D7D6F21C8FB38C0015C558 /* navBarBackgroundPortraitiPad@2x.png */; };
		A1D7D6FC1C8FBB690015C558 /* Valentina-Regular.otf in Resources */ = {isa = PBXBuildFile; fileRef = A1D7D6FB1C8FB6FA0015C558 /* Valentina-Regular.otf */; };
		A1D7D7011C8FC1D60015C558 /* Icon-72.png in Resources */ = {isa = PBXBuildFile; fileRef = A1D7D6FD1C8FC1D60015C558 /* Icon-72.png */; };
		A1D7D7021C8FC1D60015C558 /* Icon-72@2x.png in Resources */ = {isa = PBXBuildFile; fileRef = A1D7D6FE1C8FC1D60015C558 /* Icon-72@2x.png */; };
		A1D7D7031C8FC1D60015C558 /* IconiPhone.png in Resources */ = {isa = PBXBuildFile; fileRef = A1D7D6FF1C8FC1D60015C558 /* IconiPhone.png */; };
		A1D7D7041C8FC1D60015C558 /* IconiPhone@2x.png in Resources */ = {isa = PBXBuildFile; fileRef = A1D7D7001C8FC1D60015C558 /* IconiPhone@2x.png */; };
		A1D7D7061C8FC5FB0015C558 /* Icon29x29.png in Resources */ = {isa = PBXBuildFile; fileRef = A1D7D7051C8FC5FB0015C558 /* Icon29x29.png */; };
		A1D7D7081C8FC6A90015C558 /* Icon58.png in Resources */ = {isa = PBXBuildFile; fileRef = A1D7D7071C8FC6A90015C558 /* Icon58.png */; };
		A1D7D70A1C8FC6B10015C558 /* Icon87.png in Resources */ = {isa = PBXBuildFile; fileRef = A1D7D7091C8FC6B10015C558 /* Icon87.png */; };
		A1D7D70C1C8FC77B0015C558 /* Icon60.png in Resources */ = {isa = PBXBuildFile; fileRef = A1D7D70B1C8FC77B0015C558 /* Icon60.png */; };
		A1D7D70E1C8FC7C20015C558 /* Icon120.png in Resources */ = {isa = PBXBuildFile; fileRef = A1D7D70D1C8FC7C20015C558 /* Icon120.png */; };
		A1D7D7111C8FC8570015C558 /* Icon76@2x.png in Resources */ = {isa = PBXBuildFile; fileRef = A1D7D70F1C8FC8570015C558 /* Icon76@2x.png */; };
		A1D7D7121C8FC8570015C558 /* Icon76.png in Resources */ = {isa = PBXBuildFile; fileRef = A1D7D7101C8FC8570015C558 /* Icon76.png */; };
		A1D7D7151C8FC8BB0015C558 /* Icon83.5@2x.png in Resources */ = {isa = PBXBuildFile; fileRef = A1D7D7141C8FC8BB0015C558 /* Icon83.5@2x.png */; };
		A1D7D7171C8FCAB10015C558 /* Default-568h@2x.png in Resources */ = {isa = PBXBuildFile; fileRef = A1D7D7161C8FCAB10015C558 /* Default-568h@2x.png */; };
		A1D7D71A1C8FCBD60015C558 /* backBtn.png in Resources */ = {isa = PBXBuildFile; fileRef = A1D7D7181C8FCBD60015C558 /* backBtn.png */; };
		A1D7D71B1C8FCBD60015C558 /* backBtn@2x.png in Resources */ = {isa = PBXBuildFile; fileRef = A1D7D7191C8FCBD60015C558 /* backBtn@2x.png */; };
		A1D7D71E1C8FD3FE0015C558 /* cell_bg.png in Resources */ = {isa = PBXBuildFile; fileRef = A1D7D71C1C8FD3FE0015C558 /* cell_bg.png */; };
		A1D7D71F1C8FD3FE0015C558 /* cell_bg@2x.png in Resources */ = {isa = PBXBuildFile; fileRef = A1D7D71D1C8FD3FE0015C558 /* cell_bg@2x.png */; };
		A1D7D7221C8FDB640015C558 /* cell_icon_bg.png in Resources */ = {isa = PBXBuildFile; fileRef = A1D7D7201C8FDB640015C558 /* cell_icon_bg.png */; };
		A1D7D7231C8FDB640015C558 /* cell_icon_bg@2x.png in Resources */ = {isa = PBXBuildFile; fileRef = A1D7D7211C8FDB640015C558 /* cell_icon_bg@2x.png */; };
		A1DA3D781C93AE8800C87704 /* fileteBodega.png in Resources */ = {isa = PBXBuildFile; fileRef = A1DA3D681C93AE8800C87704 /* fileteBodega.png */; };
		A1DA3D791C93AE8800C87704 /* fileteBodega@2x.png in Resources */ = {isa = PBXBuildFile; fileRef = A1DA3D691C93AE8800C87704 /* fileteBodega@2x.png */; };
		A1DA3D7A1C93AE8800C87704 /* fileteBodegaLandscape.png in Resources */ = {isa = PBXBuildFile; fileRef = A1DA3D6A1C93AE8800C87704 /* fileteBodegaLandscape.png */; };
		A1DA3D7B1C93AE8800C87704 /* fileteBodegaLandscape@2x.png in Resources */ = {isa = PBXBuildFile; fileRef = A1DA3D6B1C93AE8800C87704 /* fileteBodegaLandscape@2x.png */; };
		A1DA3D7C1C93AE8800C87704 /* fileteDenominacion.png in Resources */ = {isa = PBXBuildFile; fileRef = A1DA3D6C1C93AE8800C87704 /* fileteDenominacion.png */; };
		A1DA3D7D1C93AE8800C87704 /* fileteDenominacion@2x.png in Resources */ = {isa = PBXBuildFile; fileRef = A1DA3D6D1C93AE8800C87704 /* fileteDenominacion@2x.png */; };
		A1DA3D7E1C93AE8800C87704 /* fileteOrigenLandscape.png in Resources */ = {isa = PBXBuildFile; fileRef = A1DA3D6E1C93AE8800C87704 /* fileteOrigenLandscape.png */; };
		A1DA3D7F1C93AE8800C87704 /* fileteOrigenLandscape@2x.png in Resources */ = {isa = PBXBuildFile; fileRef = A1DA3D6F1C93AE8800C87704 /* fileteOrigenLandscape@2x.png */; };
		A1DA3D801C93AE8800C87704 /* fileteTipo.png in Resources */ = {isa = PBXBuildFile; fileRef = A1DA3D701C93AE8800C87704 /* fileteTipo.png */; };
		A1DA3D811C93AE8800C87704 /* fileteTipo@2x.png in Resources */ = {isa = PBXBuildFile; fileRef = A1DA3D711C93AE8800C87704 /* fileteTipo@2x.png */; };
		A1DA3D821C93AE8800C87704 /* fileteTipoLandscape.png in Resources */ = {isa = PBXBuildFile; fileRef = A1DA3D721C93AE8800C87704 /* fileteTipoLandscape.png */; };
		A1DA3D831C93AE8800C87704 /* fileteTipoLandscape@2x.png in Resources */ = {isa = PBXBuildFile; fileRef = A1DA3D731C93AE8800C87704 /* fileteTipoLandscape@2x.png */; };
		A1DA3D841C93AE8800C87704 /* fileteUva.png in Resources */ = {isa = PBXBuildFile; fileRef = A1DA3D741C93AE8800C87704 /* fileteUva.png */; };
		A1DA3D851C93AE8800C87704 /* fileteUva@2x.png in Resources */ = {isa = PBXBuildFile; fileRef = A1DA3D751C93AE8800C87704 /* fileteUva@2x.png */; };
		A1DA3D861C93AE8800C87704 /* fileteUvaPortrait.png in Resources */ = {isa = PBXBuildFile; fileRef = A1DA3D761C93AE8800C87704 /* fileteUvaPortrait.png */; };
		A1DA3D871C93AE8800C87704 /* fileteUvaPortrait@2x.png in Resources */ = {isa = PBXBuildFile; fileRef = A1DA3D771C93AE8800C87704 /* fileteUvaPortrait@2x.png */; };
		A1DA3D8A1C93BC6F00C87704 /* www.png in Resources */ = {isa = PBXBuildFile; fileRef = A1DA3D881C93BC6F00C87704 /* www.png */; };
		A1DA3D8B1C93BC6F00C87704 /* www@2x.png in Resources */ = {isa = PBXBuildFile; fileRef = A1DA3D891C93BC6F00C87704 /* www@2x.png */; };
		A1F215E91C829A8C00BBA5B0 /* main.m in Sources */ = {isa = PBXBuildFile; fileRef = A1F215E81C829A8C00BBA5B0 /* main.m */; };
		A1F215EC1C829A8C00BBA5B0 /* AppDelegate.m in Sources */ = {isa = PBXBuildFile; fileRef = A1F215EB1C829A8C00BBA5B0 /* AppDelegate.m */; };
		A1F215EE1C829A8C00BBA5B0 /* Assets.xcassets in Resources */ = {isa = PBXBuildFile; fileRef = A1F215ED1C829A8C00BBA5B0 /* Assets.xcassets */; };
/* End PBXBuildFile section */

/* Begin PBXFileReference section */
		A11AC3641C8531EE007DB38B /* EMOWebViewController.h */ = {isa = PBXFileReference; fileEncoding = 4; lastKnownFileType = sourcecode.c.h; name = EMOWebViewController.h; path = ../EMOWebViewController.h; sourceTree = "<group>"; };
		A11AC3651C8531EE007DB38B /* EMOWebViewController.m */ = {isa = PBXFileReference; fileEncoding = 4; lastKnownFileType = sourcecode.c.objc; name = EMOWebViewController.m; path = ../EMOWebViewController.m; sourceTree = "<group>"; };
		A11AC3661C8531EE007DB38B /* EMOWebViewController.xib */ = {isa = PBXFileReference; fileEncoding = 4; lastKnownFileType = file.xib; name = EMOWebViewController.xib; path = ../EMOWebViewController.xib; sourceTree = "<group>"; };
		A11AC3691C854ED9007DB38B /* zarate.gif */ = {isa = PBXFileReference; lastKnownFileType = image.gif; path = zarate.gif; sourceTree = "<group>"; };
		A11AC36B1C854EEA007DB38B /* comtesDeChampagne.jpg */ = {isa = PBXFileReference; lastKnownFileType = image.jpeg; path = comtesDeChampagne.jpg; sourceTree = "<group>"; };
		A12D28D31C838C110000D7C6 /* EMOWineModel.h */ = {isa = PBXFileReference; fileEncoding = 4; lastKnownFileType = sourcecode.c.h; path = EMOWineModel.h; sourceTree = "<group>"; };
		A12D28D41C838C110000D7C6 /* EMOWineModel.m */ = {isa = PBXFileReference; fileEncoding = 4; lastKnownFileType = sourcecode.c.objc; path = EMOWineModel.m; sourceTree = "<group>"; };
		A12D28D71C83C06C0000D7C6 /* EMOWineViewController.h */ = {isa = PBXFileReference; fileEncoding = 4; lastKnownFileType = sourcecode.c.h; path = EMOWineViewController.h; sourceTree = "<group>"; };
		A12D28D81C83C06C0000D7C6 /* EMOWineViewController.m */ = {isa = PBXFileReference; fileEncoding = 4; lastKnownFileType = sourcecode.c.objc; path = EMOWineViewController.m; sourceTree = "<group>"; };
		A12D28D91C83C06C0000D7C6 /* EMOWineViewController.xib */ = {isa = PBXFileReference; fileEncoding = 4; lastKnownFileType = file.xib; path = EMOWineViewController.xib; sourceTree = "<group>"; };
		A12D28DD1C83F07E0000D7C6 /* splitView_score_glass@2x.png */ = {isa = PBXFileReference; lastKnownFileType = image.png; path = "splitView_score_glass@2x.png"; sourceTree = "<group>"; };
		A12D28E01C83F1680000D7C6 /* bembibre.jpg */ = {isa = PBXFileReference; lastKnownFileType = image.jpeg; path = bembibre.jpg; sourceTree = "<group>"; };
		A165C6BE1C86438100926326 /* EMOWineryModel.h */ = {isa = PBXFileReference; fileEncoding = 4; lastKnownFileType = sourcecode.c.h; path = EMOWineryModel.h; sourceTree = "<group>"; };
		A165C6BF1C86438100926326 /* EMOWineryModel.m */ = {isa = PBXFileReference; fileEncoding = 4; lastKnownFileType = sourcecode.c.objc; path = EMOWineryModel.m; sourceTree = "<group>"; };
		A165C6C11C86550200926326 /* EMOWineryTableViewController.h */ = {isa = PBXFileReference; fileEncoding = 4; lastKnownFileType = sourcecode.c.h; path = EMOWineryTableViewController.h; sourceTree = "<group>"; };
		A165C6C21C86550200926326 /* EMOWineryTableViewController.m */ = {isa = PBXFileReference; fileEncoding = 4; lastKnownFileType = sourcecode.c.objc; path = EMOWineryTableViewController.m; sourceTree = "<group>"; };
		A1D7D6EB1C8FB38C0015C558 /* navBarBackgroundLandscape.png */ = {isa = PBXFileReference; lastKnownFileType = image.png; path = navBarBackgroundLandscape.png; sourceTree = "<group>"; };
		A1D7D6EC1C8FB38C0015C558 /* navBarBackgroundLandscape@2x.png */ = {isa = PBXFileReference; lastKnownFileType = image.png; path = "navBarBackgroundLandscape@2x.png"; sourceTree = "<group>"; };
		A1D7D6ED1C8FB38C0015C558 /* navBarBackgroundLandscapeiPad.png */ = {isa = PBXFileReference; lastKnownFileType = image.png; path = navBarBackgroundLandscapeiPad.png; sourceTree = "<group>"; };
		A1D7D6EE1C8FB38C0015C558 /* navBarBackgroundLandscapeiPad@2x.png */ = {isa = PBXFileReference; lastKnownFileType = image.png; path = "navBarBackgroundLandscapeiPad@2x.png"; sourceTree = "<group>"; };
		A1D7D6EF1C8FB38C0015C558 /* navBarBackgroundPortrait.png */ = {isa = PBXFileReference; lastKnownFileType = image.png; path = navBarBackgroundPortrait.png; sourceTree = "<group>"; };
		A1D7D6F01C8FB38C0015C558 /* navBarBackgroundPortrait@2x.png */ = {isa = PBXFileReference; lastKnownFileType = image.png; path = "navBarBackgroundPortrait@2x.png"; sourceTree = "<group>"; };
		A1D7D6F11C8FB38C0015C558 /* navBarBackgroundPortraitiPad.png */ = {isa = PBXFileReference; lastKnownFileType = image.png; path = navBarBackgroundPortraitiPad.png; sourceTree = "<group>"; };
		A1D7D6F21C8FB38C0015C558 /* navBarBackgroundPortraitiPad@2x.png */ = {isa = PBXFileReference; lastKnownFileType = image.png; path = "navBarBackgroundPortraitiPad@2x.png"; sourceTree = "<group>"; };
		A1D7D6FB1C8FB6FA0015C558 /* Valentina-Regular.otf */ = {isa = PBXFileReference; lastKnownFileType = file; path = "Valentina-Regular.otf"; sourceTree = "<group>"; };
		A1D7D6FD1C8FC1D60015C558 /* Icon-72.png */ = {isa = PBXFileReference; lastKnownFileType = image.png; path = "Icon-72.png"; sourceTree = "<group>"; };
		A1D7D6FE1C8FC1D60015C558 /* Icon-72@2x.png */ = {isa = PBXFileReference; lastKnownFileType = image.png; path = "Icon-72@2x.png"; sourceTree = "<group>"; };
		A1D7D6FF1C8FC1D60015C558 /* IconiPhone.png */ = {isa = PBXFileReference; lastKnownFileType = image.png; path = IconiPhone.png; sourceTree = "<group>"; };
		A1D7D7001C8FC1D60015C558 /* IconiPhone@2x.png */ = {isa = PBXFileReference; lastKnownFileType = image.png; path = "IconiPhone@2x.png"; sourceTree = "<group>"; };
		A1D7D7051C8FC5FB0015C558 /* Icon29x29.png */ = {isa = PBXFileReference; lastKnownFileType = image.png; path = Icon29x29.png; sourceTree = "<group>"; };
		A1D7D7071C8FC6A90015C558 /* Icon58.png */ = {isa = PBXFileReference; lastKnownFileType = image.png; path = Icon58.png; sourceTree = "<group>"; };
		A1D7D7091C8FC6B10015C558 /* Icon87.png */ = {isa = PBXFileReference; lastKnownFileType = image.png; path = Icon87.png; sourceTree = "<group>"; };
		A1D7D70B1C8FC77B0015C558 /* Icon60.png */ = {isa = PBXFileReference; lastKnownFileType = image.png; path = Icon60.png; sourceTree = "<group>"; };
		A1D7D70D1C8FC7C20015C558 /* Icon120.png */ = {isa = PBXFileReference; lastKnownFileType = image.png; path = Icon120.png; sourceTree = "<group>"; };
		A1D7D70F1C8FC8570015C558 /* Icon76@2x.png */ = {isa = PBXFileReference; lastKnownFileType = image.png; path = "Icon76@2x.png"; sourceTree = "<group>"; };
		A1D7D7101C8FC8570015C558 /* Icon76.png */ = {isa = PBXFileReference; lastKnownFileType = image.png; path = Icon76.png; sourceTree = "<group>"; };
		A1D7D7141C8FC8BB0015C558 /* Icon83.5@2x.png */ = {isa = PBXFileReference; lastKnownFileType = image.png; path = "Icon83.5@2x.png"; sourceTree = "<group>"; };
		A1D7D7161C8FCAB10015C558 /* Default-568h@2x.png */ = {isa = PBXFileReference; lastKnownFileType = image.png; path = "Default-568h@2x.png"; sourceTree = "<group>"; };
		A1D7D7181C8FCBD60015C558 /* backBtn.png */ = {isa = PBXFileReference; lastKnownFileType = image.png; path = backBtn.png; sourceTree = "<group>"; };
		A1D7D7191C8FCBD60015C558 /* backBtn@2x.png */ = {isa = PBXFileReference; lastKnownFileType = image.png; path = "backBtn@2x.png"; sourceTree = "<group>"; };
		A1D7D71C1C8FD3FE0015C558 /* cell_bg.png */ = {isa = PBXFileReference; lastKnownFileType = image.png; path = cell_bg.png; sourceTree = "<group>"; };
		A1D7D71D1C8FD3FE0015C558 /* cell_bg@2x.png */ = {isa = PBXFileReference; lastKnownFileType = image.png; path = "cell_bg@2x.png"; sourceTree = "<group>"; };
		A1D7D7201C8FDB640015C558 /* cell_icon_bg.png */ = {isa = PBXFileReference; lastKnownFileType = image.png; path = cell_icon_bg.png; sourceTree = "<group>"; };
		A1D7D7211C8FDB640015C558 /* cell_icon_bg@2x.png */ = {isa = PBXFileReference; lastKnownFileType = image.png; path = "cell_icon_bg@2x.png"; sourceTree = "<group>"; };
		A1DA3D681C93AE8800C87704 /* fileteBodega.png */ = {isa = PBXFileReference; lastKnownFileType = image.png; path = fileteBodega.png; sourceTree = "<group>"; };
		A1DA3D691C93AE8800C87704 /* fileteBodega@2x.png */ = {isa = PBXFileReference; lastKnownFileType = image.png; path = "fileteBodega@2x.png"; sourceTree = "<group>"; };
		A1DA3D6A1C93AE8800C87704 /* fileteBodegaLandscape.png */ = {isa = PBXFileReference; lastKnownFileType = image.png; path = fileteBodegaLandscape.png; sourceTree = "<group>"; };
		A1DA3D6B1C93AE8800C87704 /* fileteBodegaLandscape@2x.png */ = {isa = PBXFileReference; lastKnownFileType = image.png; path = "fileteBodegaLandscape@2x.png"; sourceTree = "<group>"; };
		A1DA3D6C1C93AE8800C87704 /* fileteDenominacion.png */ = {isa = PBXFileReference; lastKnownFileType = image.png; path = fileteDenominacion.png; sourceTree = "<group>"; };
		A1DA3D6D1C93AE8800C87704 /* fileteDenominacion@2x.png */ = {isa = PBXFileReference; lastKnownFileType = image.png; path = "fileteDenominacion@2x.png"; sourceTree = "<group>"; };
		A1DA3D6E1C93AE8800C87704 /* fileteOrigenLandscape.png */ = {isa = PBXFileReference; lastKnownFileType = image.png; path = fileteOrigenLandscape.png; sourceTree = "<group>"; };
		A1DA3D6F1C93AE8800C87704 /* fileteOrigenLandscape@2x.png */ = {isa = PBXFileReference; lastKnownFileType = image.png; path = "fileteOrigenLandscape@2x.png"; sourceTree = "<group>"; };
		A1DA3D701C93AE8800C87704 /* fileteTipo.png */ = {isa = PBXFileReference; lastKnownFileType = image.png; path = fileteTipo.png; sourceTree = "<group>"; };
		A1DA3D711C93AE8800C87704 /* fileteTipo@2x.png */ = {isa = PBXFileReference; lastKnownFileType = image.png; path = "fileteTipo@2x.png"; sourceTree = "<group>"; };
		A1DA3D721C93AE8800C87704 /* fileteTipoLandscape.png */ = {isa = PBXFileReference; lastKnownFileType = image.png; path = fileteTipoLandscape.png; sourceTree = "<group>"; };
		A1DA3D731C93AE8800C87704 /* fileteTipoLandscape@2x.png */ = {isa = PBXFileReference; lastKnownFileType = image.png; path = "fileteTipoLandscape@2x.png"; sourceTree = "<group>"; };
		A1DA3D741C93AE8800C87704 /* fileteUva.png */ = {isa = PBXFileReference; lastKnownFileType = image.png; path = fileteUva.png; sourceTree = "<group>"; };
		A1DA3D751C93AE8800C87704 /* fileteUva@2x.png */ = {isa = PBXFileReference; lastKnownFileType = image.png; path = "fileteUva@2x.png"; sourceTree = "<group>"; };
		A1DA3D761C93AE8800C87704 /* fileteUvaPortrait.png */ = {isa = PBXFileReference; lastKnownFileType = image.png; path = fileteUvaPortrait.png; sourceTree = "<group>"; };
		A1DA3D771C93AE8800C87704 /* fileteUvaPortrait@2x.png */ = {isa = PBXFileReference; lastKnownFileType = image.png; path = "fileteUvaPortrait@2x.png"; sourceTree = "<group>"; };
		A1DA3D881C93BC6F00C87704 /* www.png */ = {isa = PBXFileReference; lastKnownFileType = image.png; path = www.png; sourceTree = "<group>"; };
		A1DA3D891C93BC6F00C87704 /* www@2x.png */ = {isa = PBXFileReference; lastKnownFileType = image.png; path = "www@2x.png"; sourceTree = "<group>"; };
		A1F215E41C829A8C00BBA5B0 /* Baccus.app */ = {isa = PBXFileReference; explicitFileType = wrapper.application; includeInIndex = 0; path = Baccus.app; sourceTree = BUILT_PRODUCTS_DIR; };
		A1F215E81C829A8C00BBA5B0 /* main.m */ = {isa = PBXFileReference; lastKnownFileType = sourcecode.c.objc; path = main.m; sourceTree = "<group>"; };
		A1F215EA1C829A8C00BBA5B0 /* AppDelegate.h */ = {isa = PBXFileReference; lastKnownFileType = sourcecode.c.h; path = AppDelegate.h; sourceTree = "<group>"; };
		A1F215EB1C829A8C00BBA5B0 /* AppDelegate.m */ = {isa = PBXFileReference; lastKnownFileType = sourcecode.c.objc; path = AppDelegate.m; sourceTree = "<group>"; };
		A1F215ED1C829A8C00BBA5B0 /* Assets.xcassets */ = {isa = PBXFileReference; lastKnownFileType = folder.assetcatalog; path = Assets.xcassets; sourceTree = "<group>"; };
		A1F215F21C829A8C00BBA5B0 /* Info.plist */ = {isa = PBXFileReference; lastKnownFileType = text.plist.xml; path = Info.plist; sourceTree = "<group>"; };
/* End PBXFileReference section */

/* Begin PBXFrameworksBuildPhase section */
		A1F215E11C829A8C00BBA5B0 /* Frameworks */ = {
			isa = PBXFrameworksBuildPhase;
			buildActionMask = 2147483647;
			files = (
			);
			runOnlyForDeploymentPostprocessing = 0;
		};
/* End PBXFrameworksBuildPhase section */

/* Begin PBXGroup section */
		A12D28D61C838C250000D7C6 /* Models */ = {
			isa = PBXGroup;
			children = (
				A12D28D31C838C110000D7C6 /* EMOWineModel.h */,
				A12D28D41C838C110000D7C6 /* EMOWineModel.m */,
				A165C6BE1C86438100926326 /* EMOWineryModel.h */,
				A165C6BF1C86438100926326 /* EMOWineryModel.m */,
			);
			name = Models;
			sourceTree = "<group>";
		};
		A12D28DC1C83C07B0000D7C6 /* Controllers */ = {
			isa = PBXGroup;
			children = (
				A11AC3641C8531EE007DB38B /* EMOWebViewController.h */,
				A11AC3651C8531EE007DB38B /* EMOWebViewController.m */,
				A11AC3661C8531EE007DB38B /* EMOWebViewController.xib */,
				A12D28D71C83C06C0000D7C6 /* EMOWineViewController.h */,
				A12D28D81C83C06C0000D7C6 /* EMOWineViewController.m */,
				A12D28D91C83C06C0000D7C6 /* EMOWineViewController.xib */,
				A165C6C11C86550200926326 /* EMOWineryTableViewController.h */,
				A165C6C21C86550200926326 /* EMOWineryTableViewController.m */,
			);
			name = Controllers;
			sourceTree = "<group>";
		};
		A12D28DF1C83F08D0000D7C6 /* Resources */ = {
			isa = PBXGroup;
			children = (
				A1DA3D881C93BC6F00C87704 /* www.png */,
				A1DA3D891C93BC6F00C87704 /* www@2x.png */,
				A1DA3D681C93AE8800C87704 /* fileteBodega.png */,
				A1DA3D691C93AE8800C87704 /* fileteBodega@2x.png */,
				A1DA3D6A1C93AE8800C87704 /* fileteBodegaLandscape.png */,
				A1DA3D6B1C93AE8800C87704 /* fileteBodegaLandscape@2x.png */,
				A1DA3D6C1C93AE8800C87704 /* fileteDenominacion.png */,
				A1DA3D6D1C93AE8800C87704 /* fileteDenominacion@2x.png */,
				A1DA3D6E1C93AE8800C87704 /* fileteOrigenLandscape.png */,
				A1DA3D6F1C93AE8800C87704 /* fileteOrigenLandscape@2x.png */,
				A1DA3D701C93AE8800C87704 /* fileteTipo.png */,
				A1DA3D711C93AE8800C87704 /* fileteTipo@2x.png */,
				A1DA3D721C93AE8800C87704 /* fileteTipoLandscape.png */,
				A1DA3D731C93AE8800C87704 /* fileteTipoLandscape@2x.png */,
				A1DA3D741C93AE8800C87704 /* fileteUva.png */,
				A1DA3D751C93AE8800C87704 /* fileteUva@2x.png */,
				A1DA3D761C93AE8800C87704 /* fileteUvaPortrait.png */,
				A1DA3D771C93AE8800C87704 /* fileteUvaPortrait@2x.png */,
				A1D7D7201C8FDB640015C558 /* cell_icon_bg.png */,
				A1D7D7211C8FDB640015C558 /* cell_icon_bg@2x.png */,
				A1D7D71C1C8FD3FE0015C558 /* cell_bg.png */,
				A1D7D71D1C8FD3FE0015C558 /* cell_bg@2x.png */,
				A1D7D7181C8FCBD60015C558 /* backBtn.png */,
				A1D7D7191C8FCBD60015C558 /* backBtn@2x.png */,
				A1D7D7161C8FCAB10015C558 /* Default-568h@2x.png */,
				A1D7D7131C8FC86C0015C558 /* Icono */,
				A1D7D6FB1C8FB6FA0015C558 /* Valentina-Regular.otf */,
				A1D7D6EB1C8FB38C0015C558 /* navBarBackgroundLandscape.png */,
				A1D7D6EC1C8FB38C0015C558 /* navBarBackgroundLandscape@2x.png */,
				A1D7D6ED1C8FB38C0015C558 /* navBarBackgroundLandscapeiPad.png */,
				A1D7D6EE1C8FB38C0015C558 /* navBarBackgroundLandscapeiPad@2x.png */,
				A1D7D6EF1C8FB38C0015C558 /* navBarBackgroundPortrait.png */,
				A1D7D6F01C8FB38C0015C558 /* navBarBackgroundPortrait@2x.png */,
				A1D7D6F11C8FB38C0015C558 /* navBarBackgroundPortraitiPad.png */,
				A1D7D6F21C8FB38C0015C558 /* navBarBackgroundPortraitiPad@2x.png */,
				A11AC36B1C854EEA007DB38B /* comtesDeChampagne.jpg */,
				A11AC3691C854ED9007DB38B /* zarate.gif */,
				A12D28E01C83F1680000D7C6 /* bembibre.jpg */,
				A12D28DD1C83F07E0000D7C6 /* splitView_score_glass@2x.png */,
			);
			name = Resources;
			sourceTree = "<group>";
		};
		A1D7D7131C8FC86C0015C558 /* Icono */ = {
			isa = PBXGroup;
			children = (
				A1D7D7141C8FC8BB0015C558 /* Icon83.5@2x.png */,
				A1D7D6FD1C8FC1D60015C558 /* Icon-72.png */,
				A1D7D6FE1C8FC1D60015C558 /* Icon-72@2x.png */,
				A1D7D6FF1C8FC1D60015C558 /* IconiPhone.png */,
				A1D7D7001C8FC1D60015C558 /* IconiPhone@2x.png */,
				A1D7D70F1C8FC8570015C558 /* Icon76@2x.png */,
				A1D7D7101C8FC8570015C558 /* Icon76.png */,
				A1D7D70D1C8FC7C20015C558 /* Icon120.png */,
				A1D7D70B1C8FC77B0015C558 /* Icon60.png */,
				A1D7D7071C8FC6A90015C558 /* Icon58.png */,
				A1D7D7051C8FC5FB0015C558 /* Icon29x29.png */,
				A1D7D7091C8FC6B10015C558 /* Icon87.png */,
			);
			name = Icono;
			sourceTree = "<group>";
		};
		A1F215DB1C829A8C00BBA5B0 = {
			isa = PBXGroup;
			children = (
				A1F215E61C829A8C00BBA5B0 /* Baccus */,
				A1F215E51C829A8C00BBA5B0 /* Products */,
			);
			sourceTree = "<group>";
		};
		A1F215E51C829A8C00BBA5B0 /* Products */ = {
			isa = PBXGroup;
			children = (
				A1F215E41C829A8C00BBA5B0 /* Baccus.app */,
			);
			name = Products;
			sourceTree = "<group>";
		};
		A1F215E61C829A8C00BBA5B0 /* Baccus */ = {
			isa = PBXGroup;
			children = (
				A12D28DF1C83F08D0000D7C6 /* Resources */,
				A12D28DC1C83C07B0000D7C6 /* Controllers */,
				A1F215EA1C829A8C00BBA5B0 /* AppDelegate.h */,
				A1F215EB1C829A8C00BBA5B0 /* AppDelegate.m */,
				A12D28D61C838C250000D7C6 /* Models */,
				A1F215ED1C829A8C00BBA5B0 /* Assets.xcassets */,
				A1F215F21C829A8C00BBA5B0 /* Info.plist */,
				A1F215E71C829A8C00BBA5B0 /* Supporting Files */,
			);
			path = Baccus;
			sourceTree = "<group>";
		};
		A1F215E71C829A8C00BBA5B0 /* Supporting Files */ = {
			isa = PBXGroup;
			children = (
				A1F215E81C829A8C00BBA5B0 /* main.m */,
			);
			name = "Supporting Files";
			sourceTree = "<group>";
		};
/* End PBXGroup section */

/* Begin PBXNativeTarget section */
		A1F215E31C829A8C00BBA5B0 /* Baccus */ = {
			isa = PBXNativeTarget;
			buildConfigurationList = A1F215F51C829A8C00BBA5B0 /* Build configuration list for PBXNativeTarget "Baccus" */;
			buildPhases = (
				A1F215E01C829A8C00BBA5B0 /* Sources */,
				A1F215E11C829A8C00BBA5B0 /* Frameworks */,
				A1F215E21C829A8C00BBA5B0 /* Resources */,
			);
			buildRules = (
			);
			dependencies = (
			);
			name = Baccus;
			productName = Baccus;
			productReference = A1F215E41C829A8C00BBA5B0 /* Baccus.app */;
			productType = "com.apple.product-type.application";
		};
/* End PBXNativeTarget section */

/* Begin PBXProject section */
		A1F215DC1C829A8C00BBA5B0 /* Project object */ = {
			isa = PBXProject;
			attributes = {
				LastUpgradeCheck = 0720;
				ORGANIZATIONNAME = Emoshiapps;
				TargetAttributes = {
					A1F215E31C829A8C00BBA5B0 = {
						CreatedOnToolsVersion = 7.2.1;
					};
				};
			};
			buildConfigurationList = A1F215DF1C829A8C00BBA5B0 /* Build configuration list for PBXProject "Baccus" */;
			compatibilityVersion = "Xcode 3.2";
			developmentRegion = English;
			hasScannedForEncodings = 0;
			knownRegions = (
				en,
				Base,
			);
			mainGroup = A1F215DB1C829A8C00BBA5B0;
			productRefGroup = A1F215E51C829A8C00BBA5B0 /* Products */;
			projectDirPath = "";
			projectRoot = "";
			targets = (
				A1F215E31C829A8C00BBA5B0 /* Baccus */,
			);
		};
/* End PBXProject section */

/* Begin PBXResourcesBuildPhase section */
		A1F215E21C829A8C00BBA5B0 /* Resources */ = {
			isa = PBXResourcesBuildPhase;
			buildActionMask = 2147483647;
			files = (
				A1DA3D7A1C93AE8800C87704 /* fileteBodegaLandscape.png in Resources */,
				A1D7D6FC1C8FBB690015C558 /* Valentina-Regular.otf in Resources */,
				A1D7D7061C8FC5FB0015C558 /* Icon29x29.png in Resources */,
				A1D7D70E1C8FC7C20015C558 /* Icon120.png in Resources */,
				A1DA3D831C93AE8800C87704 /* fileteTipoLandscape@2x.png in Resources */,
				A1D7D7121C8FC8570015C558 /* Icon76.png in Resources */,
				A12D28DE1C83F07E0000D7C6 /* splitView_score_glass@2x.png in Resources */,
				A1DA3D801C93AE8800C87704 /* fileteTipo.png in Resources */,
				A1D7D70C1C8FC77B0015C558 /* Icon60.png in Resources */,
				A1DA3D821C93AE8800C87704 /* fileteTipoLandscape.png in Resources */,
				A1DA3D781C93AE8800C87704 /* fileteBodega.png in Resources */,
				A1D7D71E1C8FD3FE0015C558 /* cell_bg.png in Resources */,
				A1D7D7171C8FCAB10015C558 /* Default-568h@2x.png in Resources */,
				A1DA3D811C93AE8800C87704 /* fileteTipo@2x.png in Resources */,
				A1DA3D791C93AE8800C87704 /* fileteBodega@2x.png in Resources */,
				A1D7D7041C8FC1D60015C558 /* IconiPhone@2x.png in Resources */,
				A1DA3D7E1C93AE8800C87704 /* fileteOrigenLandscape.png in Resources */,
				A1D7D6F81C8FB38C0015C558 /* navBarBackgroundPortrait@2x.png in Resources */,
				A1DA3D8B1C93BC6F00C87704 /* www@2x.png in Resources */,
				A1D7D70A1C8FC6B10015C558 /* Icon87.png in Resources */,
				A1DA3D851C93AE8800C87704 /* fileteUva@2x.png in Resources */,
				A1D7D6F51C8FB38C0015C558 /* navBarBackgroundLandscapeiPad.png in Resources */,
				A12D28DB1C83C06C0000D7C6 /* EMOWineViewController.xib in Resources */,
				A1D7D7151C8FC8BB0015C558 /* Icon83.5@2x.png in Resources */,
				A1F215EE1C829A8C00BBA5B0 /* Assets.xcassets in Resources */,
				A1DA3D7B1C93AE8800C87704 /* fileteBodegaLandscape@2x.png in Resources */,
				A1D7D6FA1C8FB38C0015C558 /* navBarBackgroundPortraitiPad@2x.png in Resources */,
				A1D7D6F61C8FB38C0015C558 /* navBarBackgroundLandscapeiPad@2x.png in Resources */,
				A11AC3681C8531EE007DB38B /* EMOWebViewController.xib in Resources */,
				A1DA3D7C1C93AE8800C87704 /* fileteDenominacion.png in Resources */,
				A1D7D71A1C8FCBD60015C558 /* backBtn.png in Resources */,
				A1D7D7031C8FC1D60015C558 /* IconiPhone.png in Resources */,
				A1D7D6F71C8FB38C0015C558 /* navBarBackgroundPortrait.png in Resources */,
				A1DA3D861C93AE8800C87704 /* fileteUvaPortrait.png in Resources */,
				A1D7D7221C8FDB640015C558 /* cell_icon_bg.png in Resources */,
				A1DA3D7D1C93AE8800C87704 /* fileteDenominacion@2x.png in Resources */,
				A1D7D7231C8FDB640015C558 /* cell_icon_bg@2x.png in Resources */,
				A1D7D71F1C8FD3FE0015C558 /* cell_bg@2x.png in Resources */,
				A1D7D6F31C8FB38C0015C558 /* navBarBackgroundLandscape.png in Resources */,
				A1D7D7011C8FC1D60015C558 /* Icon-72.png in Resources */,
				A1DA3D8A1C93BC6F00C87704 /* www.png in Resources */,
				A1DA3D841C93AE8800C87704 /* fileteUva.png in Resources */,
				A11AC36C1C854EEA007DB38B /* comtesDeChampagne.jpg in Resources */,
				A1D7D7021C8FC1D60015C558 /* Icon-72@2x.png in Resources */,
				A1D7D6F41C8FB38C0015C558 /* navBarBackgroundLandscape@2x.png in Resources */,
				A11AC36A1C854ED9007DB38B /* zarate.gif in Resources */,
				A12D28E11C83F1680000D7C6 /* bembibre.jpg in Resources */,
				A1DA3D871C93AE8800C87704 /* fileteUvaPortrait@2x.png in Resources */,
				A1DA3D7F1C93AE8800C87704 /* fileteOrigenLandscape@2x.png in Resources */,
				A1D7D6F91C8FB38C0015C558 /* navBarBackgroundPortraitiPad.png in Resources */,
				A1D7D7081C8FC6A90015C558 /* Icon58.png in Resources */,
				A1D7D7111C8FC8570015C558 /* Icon76@2x.png in Resources */,
				A1D7D71B1C8FCBD60015C558 /* backBtn@2x.png in Resources */,
			);
			runOnlyForDeploymentPostprocessing = 0;
		};
/* End PBXResourcesBuildPhase section */

/* Begin PBXSourcesBuildPhase section */
		A1F215E01C829A8C00BBA5B0 /* Sources */ = {
			isa = PBXSourcesBuildPhase;
			buildActionMask = 2147483647;
			files = (
				A1F215EC1C829A8C00BBA5B0 /* AppDelegate.m in Sources */,
				A165C6C01C86438100926326 /* EMOWineryModel.m in Sources */,
				A165C6C31C86550200926326 /* EMOWineryTableViewController.m in Sources */,
				A12D28DA1C83C06C0000D7C6 /* EMOWineViewController.m in Sources */,
				A12D28D51C838C110000D7C6 /* EMOWineModel.m in Sources */,
				A11AC3671C8531EE007DB38B /* EMOWebViewController.m in Sources */,
				A1F215E91C829A8C00BBA5B0 /* main.m in Sources */,
			);
			runOnlyForDeploymentPostprocessing = 0;
		};
/* End PBXSourcesBuildPhase section */

/* Begin XCBuildConfiguration section */
		A1F215F31C829A8C00BBA5B0 /* Debug */ = {
			isa = XCBuildConfiguration;
			buildSettings = {
				ALWAYS_SEARCH_USER_PATHS = NO;
				CLANG_CXX_LANGUAGE_STANDARD = "gnu++0x";
				CLANG_CXX_LIBRARY = "libc++";
				CLANG_ENABLE_MODULES = YES;
				CLANG_ENABLE_OBJC_ARC = YES;
				CLANG_WARN_BOOL_CONVERSION = YES;
				CLANG_WARN_CONSTANT_CONVERSION = YES;
				CLANG_WARN_DIRECT_OBJC_ISA_USAGE = YES_ERROR;
				CLANG_WARN_EMPTY_BODY = YES;
				CLANG_WARN_ENUM_CONVERSION = YES;
				CLANG_WARN_INT_CONVERSION = YES;
				CLANG_WARN_OBJC_ROOT_CLASS = YES_ERROR;
				CLANG_WARN_UNREACHABLE_CODE = YES;
				CLANG_WARN__DUPLICATE_METHOD_MATCH = YES;
				"CODE_SIGN_IDENTITY[sdk=iphoneos*]" = "iPhone Developer";
				COPY_PHASE_STRIP = NO;
				DEBUG_INFORMATION_FORMAT = dwarf;
				ENABLE_STRICT_OBJC_MSGSEND = YES;
				ENABLE_TESTABILITY = YES;
				GCC_C_LANGUAGE_STANDARD = gnu99;
				GCC_DYNAMIC_NO_PIC = NO;
				GCC_NO_COMMON_BLOCKS = YES;
				GCC_OPTIMIZATION_LEVEL = 0;
				GCC_PREPROCESSOR_DEFINITIONS = (
					"DEBUG=1",
					"$(inherited)",
				);
				GCC_WARN_64_TO_32_BIT_CONVERSION = YES;
				GCC_WARN_ABOUT_RETURN_TYPE = YES_ERROR;
				GCC_WARN_UNDECLARED_SELECTOR = YES;
				GCC_WARN_UNINITIALIZED_AUTOS = YES_AGGRESSIVE;
				GCC_WARN_UNUSED_FUNCTION = YES;
				GCC_WARN_UNUSED_VARIABLE = YES;
				IPHONEOS_DEPLOYMENT_TARGET = 9.2;
				MTL_ENABLE_DEBUG_INFO = YES;
				ONLY_ACTIVE_ARCH = YES;
				SDKROOT = iphoneos;
				TARGETED_DEVICE_FAMILY = 2;
			};
			name = Debug;
		};
		A1F215F41C829A8C00BBA5B0 /* Release */ = {
			isa = XCBuildConfiguration;
			buildSettings = {
				ALWAYS_SEARCH_USER_PATHS = NO;
				CLANG_CXX_LANGUAGE_STANDARD = "gnu++0x";
				CLANG_CXX_LIBRARY = "libc++";
				CLANG_ENABLE_MODULES = YES;
				CLANG_ENABLE_OBJC_ARC = YES;
				CLANG_WARN_BOOL_CONVERSION = YES;
				CLANG_WARN_CONSTANT_CONVERSION = YES;
				CLANG_WARN_DIRECT_OBJC_ISA_USAGE = YES_ERROR;
				CLANG_WARN_EMPTY_BODY = YES;
				CLANG_WARN_ENUM_CONVERSION = YES;
				CLANG_WARN_INT_CONVERSION = YES;
				CLANG_WARN_OBJC_ROOT_CLASS = YES_ERROR;
				CLANG_WARN_UNREACHABLE_CODE = YES;
				CLANG_WARN__DUPLICATE_METHOD_MATCH = YES;
				"CODE_SIGN_IDENTITY[sdk=iphoneos*]" = "iPhone Developer";
				COPY_PHASE_STRIP = NO;
				DEBUG_INFORMATION_FORMAT = "dwarf-with-dsym";
				ENABLE_NS_ASSERTIONS = NO;
				ENABLE_STRICT_OBJC_MSGSEND = YES;
				GCC_C_LANGUAGE_STANDARD = gnu99;
				GCC_NO_COMMON_BLOCKS = YES;
				GCC_WARN_64_TO_32_BIT_CONVERSION = YES;
				GCC_WARN_ABOUT_RETURN_TYPE = YES_ERROR;
				GCC_WARN_UNDECLARED_SELECTOR = YES;
				GCC_WARN_UNINITIALIZED_AUTOS = YES_AGGRESSIVE;
				GCC_WARN_UNUSED_FUNCTION = YES;
				GCC_WARN_UNUSED_VARIABLE = YES;
				IPHONEOS_DEPLOYMENT_TARGET = 9.2;
				MTL_ENABLE_DEBUG_INFO = NO;
				SDKROOT = iphoneos;
				TARGETED_DEVICE_FAMILY = 2;
				VALIDATE_PRODUCT = YES;
			};
			name = Release;
		};
		A1F215F61C829A8C00BBA5B0 /* Debug */ = {
			isa = XCBuildConfiguration;
			buildSettings = {
				ASSETCATALOG_COMPILER_APPICON_NAME = AppIcon;
				INFOPLIST_FILE = Baccus/Info.plist;
				LD_RUNPATH_SEARCH_PATHS = "$(inherited) @executable_path/Frameworks";
				PRODUCT_BUNDLE_IDENTIFIER = com.Emoshiapps.Baccus;
				PRODUCT_NAME = "$(TARGET_NAME)";
				TARGETED_DEVICE_FAMILY = "1,2";
			};
			name = Debug;
		};
		A1F215F71C829A8C00BBA5B0 /* Release */ = {
			isa = XCBuildConfiguration;
			buildSettings = {
				ASSETCATALOG_COMPILER_APPICON_NAME = AppIcon;
				INFOPLIST_FILE = Baccus/Info.plist;
				LD_RUNPATH_SEARCH_PATHS = "$(inherited) @executable_path/Frameworks";
				PRODUCT_BUNDLE_IDENTIFIER = com.Emoshiapps.Baccus;
				PRODUCT_NAME = "$(TARGET_NAME)";
				TARGETED_DEVICE_FAMILY = "1,2";
			};
			name = Release;
		};
/* End XCBuildConfiguration section */

/* Begin XCConfigurationList section */
		A1F215DF1C829A8C00BBA5B0 /* Build configuration list for PBXProject "Baccus" */ = {
			isa = XCConfigurationList;
			buildConfigurations = (
				A1F215F31C829A8C00BBA5B0 /* Debug */,
				A1F215F41C829A8C00BBA5B0 /* Release */,
			);
			defaultConfigurationIsVisible = 0;
			defaultConfigurationName = Release;
		};
		A1F215F51C829A8C00BBA5B0 /* Build configuration list for PBXNativeTarget "Baccus" */ = {
			isa = XCConfigurationList;
			buildConfigurations = (
				A1F215F61C829A8C00BBA5B0 /* Debug */,
				A1F215F71C829A8C00BBA5B0 /* Release */,
			);
			defaultConfigurationIsVisible = 0;
			defaultConfigurationName = Release;
		};
/* End XCConfigurationList section */
	};
	rootObject = A1F215DC1C829A8C00BBA5B0 /* Project object */;
}
